
Microsoft Visual Studio Solution File, Format Version 12.00
# Visual Studio Version 16
VisualStudioVersion = 16.0.31205.134
MinimumVisualStudioVersion = 10.0.40219.1
Project("{FAE04EC0-301F-11D3-BF4B-00C04F79EFBC}") = "Project_Q1", "Project_Q1\Project_Q1.csproj", "{47DE4B3F-B63E-449E-8FFD-D8BB7D9A1704}"
EndProject
Global
	GlobalSection(SolutionConfigurationPlatforms) = preSolution
		Debug|Any CPU = Debug|Any CPU
		Release|Any CPU = Release|Any CPU
	EndGlobalSection
	GlobalSection(ProjectConfigurationPlatforms) = postSolution
		{47DE4B3F-B63E-449E-8FFD-D8BB7D9A1704}.Debug|Any CPU.ActiveCfg = Debug|Any CPU
		{47DE4B3F-B63E-449E-8FFD-D8BB7D9A1704}.Debug|Any CPU.Build.0 = Debug|Any CPU
		{47DE4B3F-B63E-449E-8FFD-D8BB7D9A1704}.Release|Any CPU.ActiveCfg = Release|Any CPU
		{47DE4B3F-B63E-449E-8FFD-D8BB7D9A1704}.Release|Any CPU.Build.0 = Release|Any CPU
	EndGlobalSection
	GlobalSection(SolutionProperties) = preSolution
		HideSolutionNode = FALSE
	EndGlobalSection
	GlobalSection(ExtensibilityGlobals) = postSolution
		SolutionGuid = {07EEAD99-27A1-4436-A300-243A193E51D5}
	EndGlobalSection
EndGlobal
